PODS:
  - epikplugin (0.0.1):
    - Flutter
  - Flutter (1.0.0)

DEPENDENCIES:
  - epikplugin (from `.symlinks/plugins/epikplugin/ios`)
  - Flutter (from `Flutter`)

EXTERNAL SOURCES:
  epikplugin:
    :path: ".symlinks/plugins/epikplugin/ios"
  Flutter:
    :path: Flutter

SPEC CHECKSUMS:
  epikplugin: c50f2c01932c19be5dee4e32a0c47303a40dd2d5
  Flutter: 0e3d915762c693b495b44d77113d4970485de6ec

PODFILE CHECKSUM: aafe91acc616949ddb318b77800a7f51bffa2a4c

COCOAPODS: 1.9.2
